{
  "requires": true,
  "lockfileVersion": 1,
  "dependencies": {
    "@xuguo/sku": {
      "version": "1.1.4",
      "resolved": "https://registry.npm.taobao.org/@xuguo/sku/download/@xuguo/sku-1.1.4.tgz",
      "integrity": "sha1-4WXw8JtfKI4OrPJT3/qJo3SnfWc=",
      "requires": {
        "@xuguo/toolbox": "^1.2.0"
      }
    },
    "@xuguo/toolbox": {
      "version": "1.2.0",
      "resolved": "https://registry.npm.taobao.org/@xuguo/toolbox/download/@xuguo/toolbox-1.2.0.tgz",
      "integrity": "sha1-wgzMSW+wzlKPtxkldNBdpEra8mo="
    }
  }
}
